
Microsoft Visual Studio Solution File, Format Version 12.00
# Visual Studio 15
VisualStudioVersion = 15.0.28010.2041
MinimumVisualStudioVersion = 10.0.40219.1
Project("{FAE04EC0-301F-11D3-BF4B-00C04F79EFBC}") = "MIClient", "MIClient\MIClient.csproj", "{6672E8B9-1F6F-4E35-B0DB-1DCFC368D261}"
EndProject
Project("{FAE04EC0-301F-11D3-BF4B-00C04F79EFBC}") = "MyImageService", "MyImageService\MyImageService.csproj", "{CB37B83C-2AA8-4E99-8A69-53E780089326}"
EndProject
Global
	GlobalSection(SolutionConfigurationPlatforms) = preSolution
		Debug|Any CPU = Debug|Any CPU
		Release|Any CPU = Release|Any CPU
	EndGlobalSection
	GlobalSection(ProjectConfigurationPlatforms) = postSolution
		{6672E8B9-1F6F-4E35-B0DB-1DCFC368D261}.Debug|Any CPU.ActiveCfg = Debug|Any CPU
		{6672E8B9-1F6F-4E35-B0DB-1DCFC368D261}.Debug|Any CPU.Build.0 = Debug|Any CPU
		{6672E8B9-1F6F-4E35-B0DB-1DCFC368D261}.Release|Any CPU.ActiveCfg = Release|Any CPU
		{6672E8B9-1F6F-4E35-B0DB-1DCFC368D261}.Release|Any CPU.Build.0 = Release|Any CPU
		{CB37B83C-2AA8-4E99-8A69-53E780089326}.Debug|Any CPU.ActiveCfg = Debug|Any CPU
		{CB37B83C-2AA8-4E99-8A69-53E780089326}.Debug|Any CPU.Build.0 = Debug|Any CPU
		{CB37B83C-2AA8-4E99-8A69-53E780089326}.Release|Any CPU.ActiveCfg = Release|Any CPU
		{CB37B83C-2AA8-4E99-8A69-53E780089326}.Release|Any CPU.Build.0 = Release|Any CPU
	EndGlobalSection
	GlobalSection(SolutionProperties) = preSolution
		HideSolutionNode = FALSE
	EndGlobalSection
	GlobalSection(ExtensibilityGlobals) = postSolution
		SolutionGuid = {D4F26F1E-B6A7-445F-9609-C1AB0149DF5D}
	EndGlobalSection
EndGlobal
