
Microsoft Visual Studio Solution File, Format Version 12.00
# Visual Studio 15
VisualStudioVersion = 15.0.28307.168
MinimumVisualStudioVersion = 10.0.40219.1
Project("{FAE04EC0-301F-11D3-BF4B-00C04F79EFBC}") = "MIClient", "MIClient\MIClient.csproj", "{C0339C17-A4AE-4D07-813A-7F7937F08E9A}"
EndProject
Project("{FAE04EC0-301F-11D3-BF4B-00C04F79EFBC}") = "WebService", "WebService\WebService.csproj", "{D3FD74C1-FC10-42DF-8B4E-CBFE8BBF1B03}"
EndProject
Global
	GlobalSection(SolutionConfigurationPlatforms) = preSolution
		Debug|Any CPU = Debug|Any CPU
		Release|Any CPU = Release|Any CPU
	EndGlobalSection
	GlobalSection(ProjectConfigurationPlatforms) = postSolution
		{C0339C17-A4AE-4D07-813A-7F7937F08E9A}.Debug|Any CPU.ActiveCfg = Debug|Any CPU
		{C0339C17-A4AE-4D07-813A-7F7937F08E9A}.Debug|Any CPU.Build.0 = Debug|Any CPU
		{C0339C17-A4AE-4D07-813A-7F7937F08E9A}.Release|Any CPU.ActiveCfg = Release|Any CPU
		{C0339C17-A4AE-4D07-813A-7F7937F08E9A}.Release|Any CPU.Build.0 = Release|Any CPU
		{D3FD74C1-FC10-42DF-8B4E-CBFE8BBF1B03}.Debug|Any CPU.ActiveCfg = Debug|Any CPU
		{D3FD74C1-FC10-42DF-8B4E-CBFE8BBF1B03}.Debug|Any CPU.Build.0 = Debug|Any CPU
		{D3FD74C1-FC10-42DF-8B4E-CBFE8BBF1B03}.Release|Any CPU.ActiveCfg = Release|Any CPU
		{D3FD74C1-FC10-42DF-8B4E-CBFE8BBF1B03}.Release|Any CPU.Build.0 = Release|Any CPU
	EndGlobalSection
	GlobalSection(SolutionProperties) = preSolution
		HideSolutionNode = FALSE
	EndGlobalSection
	GlobalSection(ExtensibilityGlobals) = postSolution
		SolutionGuid = {89D3FBDC-C493-4BFB-B938-A1A9883BFE6A}
	EndGlobalSection
EndGlobal
